Microsoft Visual Studio Solution File, Format Version 12.00
# Visual Studio Version 17
VisualStudioVersion = 17.5.2.0
MinimumVisualStudioVersion = 10.0.40219.1
Project("{2150E333-8FDC-42A3-9474-1A3956D46DE8}") = "src", "src", "{827E0CD3-B72D-47B6-A68D-7590B98EB39B}"
EndProject
Project("{2150E333-8FDC-42A3-9474-1A3956D46DE8}") = "tests", "tests", "{0AB3BF05-4346-4AA6-1389-037BE0695223}"
EndProject
Project("{FAE04EC0-301F-11D3-BF4B-00C04F79EFBC}") = "SSZ.Core", "src\SSZ.Core\SSZ.Core.csproj", "{CADC96D6-198A-B4B7-5A2B-3E4262CA4539}"
EndProject
Project("{FAE04EC0-301F-11D3-BF4B-00C04F79EFBC}") = "SSZ.Infrastructure", "src\SSZ.Infrastructure\SSZ.Infrastructure.csproj", "{43303AB4-15CC-5784-BC68-5C19AA74F31F}"
EndProject
Project("{FAE04EC0-301F-11D3-BF4B-00C04F79EFBC}") = "SSZ.UseCases", "src\SSZ.UseCases\SSZ.UseCases.csproj", "{ADE041F8-4B2D-BD82-2B4B-18E3DAD27332}"
EndProject
Project("{FAE04EC0-301F-11D3-BF4B-00C04F79EFBC}") = "SSZ.Web", "src\SSZ.Web\SSZ.Web.csproj", "{75CDF845-2A7E-C027-2F05-9FBC94530F52}"
EndProject
Project("{FAE04EC0-301F-11D3-BF4B-00C04F79EFBC}") = "SSZ.FunctionalTests", "tests\SSZ.FunctionalTests\SSZ.FunctionalTests.csproj", "{51662474-F207-3719-61DA-1A316D5CC53C}"
EndProject
Project("{FAE04EC0-301F-11D3-BF4B-00C04F79EFBC}") = "SSZ.IntegrationTests", "tests\SSZ.IntegrationTests\SSZ.IntegrationTests.csproj", "{EC89ECEB-9F44-A626-C18D-C4A9EB9ABF68}"
EndProject
Project("{FAE04EC0-301F-11D3-BF4B-00C04F79EFBC}") = "SSZ.UnitTests", "tests\SSZ.UnitTests\SSZ.UnitTests.csproj", "{8DFF115F-F73A-09AE-CC35-DB1172B8B056}"
EndProject
Global
	GlobalSection(SolutionConfigurationPlatforms) = preSolution
		Debug|Any CPU = Debug|Any CPU
		Release|Any CPU = Release|Any CPU
	EndGlobalSection
	GlobalSection(ProjectConfigurationPlatforms) = postSolution
		{CADC96D6-198A-B4B7-5A2B-3E4262CA4539}.Debug|Any CPU.ActiveCfg = Debug|Any CPU
		{CADC96D6-198A-B4B7-5A2B-3E4262CA4539}.Debug|Any CPU.Build.0 = Debug|Any CPU
		{CADC96D6-198A-B4B7-5A2B-3E4262CA4539}.Release|Any CPU.ActiveCfg = Release|Any CPU
		{CADC96D6-198A-B4B7-5A2B-3E4262CA4539}.Release|Any CPU.Build.0 = Release|Any CPU
		{43303AB4-15CC-5784-BC68-5C19AA74F31F}.Debug|Any CPU.ActiveCfg = Debug|Any CPU
		{43303AB4-15CC-5784-BC68-5C19AA74F31F}.Debug|Any CPU.Build.0 = Debug|Any CPU
		{43303AB4-15CC-5784-BC68-5C19AA74F31F}.Release|Any CPU.ActiveCfg = Release|Any CPU
		{43303AB4-15CC-5784-BC68-5C19AA74F31F}.Release|Any CPU.Build.0 = Release|Any CPU
		{ADE041F8-4B2D-BD82-2B4B-18E3DAD27332}.Debug|Any CPU.ActiveCfg = Debug|Any CPU
		{ADE041F8-4B2D-BD82-2B4B-18E3DAD27332}.Debug|Any CPU.Build.0 = Debug|Any CPU
		{ADE041F8-4B2D-BD82-2B4B-18E3DAD27332}.Release|Any CPU.ActiveCfg = Release|Any CPU
		{ADE041F8-4B2D-BD82-2B4B-18E3DAD27332}.Release|Any CPU.Build.0 = Release|Any CPU
		{75CDF845-2A7E-C027-2F05-9FBC94530F52}.Debug|Any CPU.ActiveCfg = Debug|Any CPU
		{75CDF845-2A7E-C027-2F05-9FBC94530F52}.Debug|Any CPU.Build.0 = Debug|Any CPU
		{75CDF845-2A7E-C027-2F05-9FBC94530F52}.Release|Any CPU.ActiveCfg = Release|Any CPU
		{75CDF845-2A7E-C027-2F05-9FBC94530F52}.Release|Any CPU.Build.0 = Release|Any CPU
		{51662474-F207-3719-61DA-1A316D5CC53C}.Debug|Any CPU.ActiveCfg = Debug|Any CPU
		{51662474-F207-3719-61DA-1A316D5CC53C}.Debug|Any CPU.Build.0 = Debug|Any CPU
		{51662474-F207-3719-61DA-1A316D5CC53C}.Release|Any CPU.ActiveCfg = Release|Any CPU
		{51662474-F207-3719-61DA-1A316D5CC53C}.Release|Any CPU.Build.0 = Release|Any CPU
		{EC89ECEB-9F44-A626-C18D-C4A9EB9ABF68}.Debug|Any CPU.ActiveCfg = Debug|Any CPU
		{EC89ECEB-9F44-A626-C18D-C4A9EB9ABF68}.Debug|Any CPU.Build.0 = Debug|Any CPU
		{EC89ECEB-9F44-A626-C18D-C4A9EB9ABF68}.Release|Any CPU.ActiveCfg = Release|Any CPU
		{EC89ECEB-9F44-A626-C18D-C4A9EB9ABF68}.Release|Any CPU.Build.0 = Release|Any CPU
		{8DFF115F-F73A-09AE-CC35-DB1172B8B056}.Debug|Any CPU.ActiveCfg = Debug|Any CPU
		{8DFF115F-F73A-09AE-CC35-DB1172B8B056}.Debug|Any CPU.Build.0 = Debug|Any CPU
		{8DFF115F-F73A-09AE-CC35-DB1172B8B056}.Release|Any CPU.ActiveCfg = Release|Any CPU
		{8DFF115F-F73A-09AE-CC35-DB1172B8B056}.Release|Any CPU.Build.0 = Release|Any CPU
	EndGlobalSection
	GlobalSection(SolutionProperties) = preSolution
		HideSolutionNode = FALSE
	EndGlobalSection
	GlobalSection(NestedProjects) = preSolution
		{CADC96D6-198A-B4B7-5A2B-3E4262CA4539} = {827E0CD3-B72D-47B6-A68D-7590B98EB39B}
		{43303AB4-15CC-5784-BC68-5C19AA74F31F} = {827E0CD3-B72D-47B6-A68D-7590B98EB39B}
		{ADE041F8-4B2D-BD82-2B4B-18E3DAD27332} = {827E0CD3-B72D-47B6-A68D-7590B98EB39B}
		{75CDF845-2A7E-C027-2F05-9FBC94530F52} = {827E0CD3-B72D-47B6-A68D-7590B98EB39B}
		{51662474-F207-3719-61DA-1A316D5CC53C} = {0AB3BF05-4346-4AA6-1389-037BE0695223}
		{EC89ECEB-9F44-A626-C18D-C4A9EB9ABF68} = {0AB3BF05-4346-4AA6-1389-037BE0695223}
		{8DFF115F-F73A-09AE-CC35-DB1172B8B056} = {0AB3BF05-4346-4AA6-1389-037BE0695223}
	EndGlobalSection
	GlobalSection(ExtensibilityGlobals) = postSolution
		SolutionGuid = {886E24A6-844C-4616-A89E-EE07371114E2}
	EndGlobalSection
EndGlobal
