{
  "version": 2,
  "dependencies": {
    "net9.0": {
      "Ardalis.Result": {
        "type": "Direct",
        "requested": "[10.1.0, )",
        "resolved": "10.1.0",
        "contentHash": "+WgsXh+JRm0d8BZPlBUc5w0+FTda4vbWRa/IF2q4zDoRsU5BXr8w4rTbYEklZIMNgQQZTcNouR/QfBV5I/4XYQ=="
      },
      "MediatR": {
        "type": "Direct",
        "requested": "[12.4.1, )",
        "resolved": "12.4.1",
        "contentHash": "0tLxCgEC5+r1OCuumR3sWyiVa+BMv3AgiU4+pz8xqTc+2q1WbUEXFOr7Orm96oZ9r9FsldgUtWvB2o7b9jDOaw==",
        "dependencies": {
          "MediatR.Contracts": "[2.0.1, 3.0.0)",
          "Microsoft.Extensions.DependencyInjection.Abstractions": "8.0.0"
        }
      },
      "MediatR.Contracts": {
        "type": "Transitive",
        "resolved": "2.0.1",
        "contentHash": "FYv95bNT4UwcNA+G/J1oX5OpRiSUxteXaUt2BJbRSdRNiIUNbggJF69wy6mnk2wYToaanpdXZdCwVylt96MpwQ=="
      },
      "Microsoft.Extensions.DependencyInjection.Abstractions": {
        "type": "Transitive",
        "resolved": "9.0.0",
        "contentHash": "+6f2qv2a3dLwd5w6JanPIPs47CxRbnk+ZocMJUhv9NxP88VlOcJYZs9jY+MYSjxvady08bUZn6qgiNh7DadGgg=="
      },
      "ssz.core": {
        "type": "Project",
        "dependencies": {
          "Ardalis.GuardClauses": "[5.0.0, )",
          "Ardalis.Result": "[10.1.0, )",
          "Ardalis.SharedKernel": "[2.1.1, )",
          "Ardalis.SmartEnum": "[8.2.0, )",
          "Ardalis.SmartEnum.SystemTextJson": "[8.1.0, )",
          "Ardalis.Specification": "[8.0.0, )",
          "MediatR": "[12.4.1, )",
          "Microsoft.Extensions.Logging.Abstractions": "[9.0.0, )"
        }
      },
      "Ardalis.GuardClauses": {
        "type": "CentralTransitive",
        "requested": "[5.0.0, )",
        "resolved": "5.0.0",
        "contentHash": "jVPRvLw0xIUFto2cMrKgRYADWIHbEEfzZHGiU/swwNgl1zo28Q1zfSa3VUC3C0s9DyhFDPSaF4dEDQRyTZUcyQ=="
      },
      "Ardalis.SharedKernel": {
        "type": "CentralTransitive",
        "requested": "[2.1.1, )",
        "resolved": "2.1.1",
        "contentHash": "U/EWM5GBQcIFZdJejBYKzm5cFday4cTObAKoMrYwerz9HkTMEJfmr1rgHpvhy5xH0rNpttGxGBqkbfiwpjIrtQ==",
        "dependencies": {
          "Ardalis.GuardClauses": "5.0.0",
          "Ardalis.Specification": "8.0.0",
          "MediatR": "12.4.1",
          "Microsoft.Extensions.Logging.Abstractions": "8.0.2"
        }
      },
      "Ardalis.SmartEnum": {
        "type": "CentralTransitive",
        "requested": "[8.2.0, )",
        "resolved": "8.2.0",
        "contentHash": "P1CLI2okpzHjOJnZMYLnzcyu1/fUJEYK1X4JSnal2TPmovrUTtXK6Sn78D2JgKUdwjSeWddnRveMj+BEZoksvg=="
      },
      "Ardalis.SmartEnum.SystemTextJson": {
        "type": "CentralTransitive",
        "requested": "[8.1.0, )",
        "resolved": "8.1.0",
        "contentHash": "LHEnyxdffnqVw6aBDEGqjZinYdDaASOEMigiza9EeW+0q0TBufANZszt0ocu3MZzN/K3yZge4ppwFQ9/jJhm+w==",
        "dependencies": {
          "Ardalis.SmartEnum": "8.1.0"
        }
      },
      "Ardalis.Specification": {
        "type": "CentralTransitive",
        "requested": "[8.0.0, )",
        "resolved": "8.0.0",
        "contentHash": "1/YP932oZJtaDlm85rWfqvgOjALbk2+VDZaj36sM2TdsJMNkVqMbF5UzY6f7OfzA8eymv3hnCXIgYmEBEiUOhQ=="
      },
      "Microsoft.Extensions.Logging.Abstractions": {
        "type": "CentralTransitive",
        "requested": "[9.0.0, )",
        "resolved": "9.0.0",
        "contentHash": "g0UfujELzlLbHoVG8kPKVBaW470Ewi+jnptGS9KUi6jcb+k2StujtK3m26DFSGGwQ/+bVgZfsWqNzlP6YOejvw==",
        "dependencies": {
          "Microsoft.Extensions.DependencyInjection.Abstractions": "9.0.0"
        }
      }
    }
  }
}